
Microsoft Visual Studio Solution File, Format Version 12.00
# Visual Studio 2013
VisualStudioVersion = 12.0.31101.0
MinimumVisualStudioVersion = 10.0.40219.1
Project("{FAE04EC0-301F-11D3-BF4B-00C04F79EFBC}") = "WinformMessage", "WinformMessage.csproj", "{D6FDB7E4-3A66-4AC1-8C23-735AEEF11257}"
EndProject
Global
	GlobalSection(SolutionConfigurationPlatforms) = preSolution
		Debug|Any CPU = Debug|Any CPU
		Release|Any CPU = Release|Any CPU
	EndGlobalSection
	GlobalSection(ProjectConfigurationPlatforms) = postSolution
		{D6FDB7E4-3A66-4AC1-8C23-735AEEF11257}.Debug|Any CPU.ActiveCfg = Debug|Any CPU
		{D6FDB7E4-3A66-4AC1-8C23-735AEEF11257}.Debug|Any CPU.Build.0 = Debug|Any CPU
		{D6FDB7E4-3A66-4AC1-8C23-735AEEF11257}.Release|Any CPU.ActiveCfg = Release|Any CPU
		{D6FDB7E4-3A66-4AC1-8C23-735AEEF11257}.Release|Any CPU.Build.0 = Release|Any CPU
	EndGlobalSection
	GlobalSection(SolutionProperties) = preSolution
		HideSolutionNode = FALSE
	EndGlobalSection
EndGlobal
